
Microsoft Visual Studio Solution File, Format Version 12.00
# Visual Studio Version 16
VisualStudioVersion = 16.0.31129.286
MinimumVisualStudioVersion = 10.0.40219.1
Project("{FAE04EC0-301F-11D3-BF4B-00C04F79EFBC}") = "SwaggerGen.SignalR", "SwaggerGen.SignalR\SwaggerGen.SignalR.csproj", "{315E0384-5C8C-4ACF-BA7C-6DE2B060393D}"
EndProject
Project("{9A19103F-16F7-4668-BE54-9A1E7A4F7556}") = "SignalRSample", "SignalRSample\SignalRSample.csproj", "{2943DF1E-DEA7-46EE-88B9-0181CD743988}"
EndProject
Global
	GlobalSection(SolutionConfigurationPlatforms) = preSolution
		Debug|Any CPU = Debug|Any CPU
		Release|Any CPU = Release|Any CPU
	EndGlobalSection
	GlobalSection(ProjectConfigurationPlatforms) = postSolution
		{315E0384-5C8C-4ACF-BA7C-6DE2B060393D}.Debug|Any CPU.ActiveCfg = Debug|Any CPU
		{315E0384-5C8C-4ACF-BA7C-6DE2B060393D}.Debug|Any CPU.Build.0 = Debug|Any CPU
		{315E0384-5C8C-4ACF-BA7C-6DE2B060393D}.Release|Any CPU.ActiveCfg = Release|Any CPU
		{315E0384-5C8C-4ACF-BA7C-6DE2B060393D}.Release|Any CPU.Build.0 = Release|Any CPU
		{2943DF1E-DEA7-46EE-88B9-0181CD743988}.Debug|Any CPU.ActiveCfg = Debug|Any CPU
		{2943DF1E-DEA7-46EE-88B9-0181CD743988}.Debug|Any CPU.Build.0 = Debug|Any CPU
		{2943DF1E-DEA7-46EE-88B9-0181CD743988}.Release|Any CPU.ActiveCfg = Release|Any CPU
		{2943DF1E-DEA7-46EE-88B9-0181CD743988}.Release|Any CPU.Build.0 = Release|Any CPU
	EndGlobalSection
	GlobalSection(SolutionProperties) = preSolution
		HideSolutionNode = FALSE
	EndGlobalSection
	GlobalSection(ExtensibilityGlobals) = postSolution
		SolutionGuid = {942DC5A7-D7AA-4906-A0FB-944E889945DF}
	EndGlobalSection
EndGlobal
